
Microsoft Visual Studio Solution File, Format Version 12.00
# Visual Studio 14
VisualStudioVersion = 14.0.25123.0
MinimumVisualStudioVersion = 10.0.40219.1
Project("{FAE04EC0-301F-11D3-BF4B-00C04F79EFBC}") = "ArrayList", "ArrayList\ArrayList.csproj", "{57577BC5-AF25-44F0-83A9-8D428BA22C60}"
EndProject
Project("{FAE04EC0-301F-11D3-BF4B-00C04F79EFBC}") = "ArrayList_Sorular", "ArrayList_Sorular\ArrayList_Sorular.csproj", "{A13A91CC-F2C9-4146-92A5-E7D181AF14A7}"
EndProject
Global
	GlobalSection(SolutionConfigurationPlatforms) = preSolution
		Debug|Any CPU = Debug|Any CPU
		Release|Any CPU = Release|Any CPU
	EndGlobalSection
	GlobalSection(ProjectConfigurationPlatforms) = postSolution
		{57577BC5-AF25-44F0-83A9-8D428BA22C60}.Debug|Any CPU.ActiveCfg = Debug|Any CPU
		{57577BC5-AF25-44F0-83A9-8D428BA22C60}.Debug|Any CPU.Build.0 = Debug|Any CPU
		{57577BC5-AF25-44F0-83A9-8D428BA22C60}.Release|Any CPU.ActiveCfg = Release|Any CPU
		{57577BC5-AF25-44F0-83A9-8D428BA22C60}.Release|Any CPU.Build.0 = Release|Any CPU
		{A13A91CC-F2C9-4146-92A5-E7D181AF14A7}.Debug|Any CPU.ActiveCfg = Debug|Any CPU
		{A13A91CC-F2C9-4146-92A5-E7D181AF14A7}.Debug|Any CPU.Build.0 = Debug|Any CPU
		{A13A91CC-F2C9-4146-92A5-E7D181AF14A7}.Release|Any CPU.ActiveCfg = Release|Any CPU
		{A13A91CC-F2C9-4146-92A5-E7D181AF14A7}.Release|Any CPU.Build.0 = Release|Any CPU
	EndGlobalSection
	GlobalSection(SolutionProperties) = preSolution
		HideSolutionNode = FALSE
	EndGlobalSection
EndGlobal
