
Microsoft Visual Studio Solution File, Format Version 12.00
# Visual Studio 14
VisualStudioVersion = 14.0.25123.0
MinimumVisualStudioVersion = 10.0.40219.1
Project("{FAE04EC0-301F-11D3-BF4B-00C04F79EFBC}") = "ArrayList", "ArrayList\ArrayList.csproj", "{57577BC5-AF25-44F0-83A9-8D428BA22C60}"
EndProject
Project("{FAE04EC0-301F-11D3-BF4B-00C04F79EFBC}") = "ArrayList_Sorular", "ArrayList_Sorular\ArrayList_Sorular.csproj", "{A13A91CC-F2C9-4146-92A5-E7D181AF14A7}"
EndProject
Project("{FAE04EC0-301F-11D3-BF4B-00C04F79EFBC}") = "HashTable_Tanımlama", "HashTable_Tanımlama\HashTable_Tanımlama.csproj", "{D9D16542-F944-4F32-877D-7552FA5F46EC}"
EndProject
Project("{FAE04EC0-301F-11D3-BF4B-00C04F79EFBC}") = "HashTable_Sorular", "HashTable_Sorular\HashTable_Sorular.csproj", "{49AD7F12-D21C-410D-9B53-B88CF4026CAF}"
EndProject
Project("{FAE04EC0-301F-11D3-BF4B-00C04F79EFBC}") = "SortedList_Tanimlama", "SortedList_Tanimlama\SortedList_Tanimlama.csproj", "{1347AC38-B408-435A-8EEC-7F902D391D9B}"
EndProject
Project("{FAE04EC0-301F-11D3-BF4B-00C04F79EFBC}") = "Stack_Tanimlama", "Stack_Tanimlama\Stack_Tanimlama.csproj", "{5F56CC64-BDE5-4776-BE54-525650FE699F}"
EndProject
Project("{FAE04EC0-301F-11D3-BF4B-00C04F79EFBC}") = "Stack_Sorular", "Stack_Sorular\Stack_Sorular.csproj", "{8C577FA2-C9A8-48D5-9AF6-9A0B7437001C}"
EndProject
Global
	GlobalSection(SolutionConfigurationPlatforms) = preSolution
		Debug|Any CPU = Debug|Any CPU
		Release|Any CPU = Release|Any CPU
	EndGlobalSection
	GlobalSection(ProjectConfigurationPlatforms) = postSolution
		{57577BC5-AF25-44F0-83A9-8D428BA22C60}.Debug|Any CPU.ActiveCfg = Debug|Any CPU
		{57577BC5-AF25-44F0-83A9-8D428BA22C60}.Debug|Any CPU.Build.0 = Debug|Any CPU
		{57577BC5-AF25-44F0-83A9-8D428BA22C60}.Release|Any CPU.ActiveCfg = Release|Any CPU
		{57577BC5-AF25-44F0-83A9-8D428BA22C60}.Release|Any CPU.Build.0 = Release|Any CPU
		{A13A91CC-F2C9-4146-92A5-E7D181AF14A7}.Debug|Any CPU.ActiveCfg = Debug|Any CPU
		{A13A91CC-F2C9-4146-92A5-E7D181AF14A7}.Debug|Any CPU.Build.0 = Debug|Any CPU
		{A13A91CC-F2C9-4146-92A5-E7D181AF14A7}.Release|Any CPU.ActiveCfg = Release|Any CPU
		{A13A91CC-F2C9-4146-92A5-E7D181AF14A7}.Release|Any CPU.Build.0 = Release|Any CPU
		{D9D16542-F944-4F32-877D-7552FA5F46EC}.Debug|Any CPU.ActiveCfg = Debug|Any CPU
		{D9D16542-F944-4F32-877D-7552FA5F46EC}.Debug|Any CPU.Build.0 = Debug|Any CPU
		{D9D16542-F944-4F32-877D-7552FA5F46EC}.Release|Any CPU.ActiveCfg = Release|Any CPU
		{D9D16542-F944-4F32-877D-7552FA5F46EC}.Release|Any CPU.Build.0 = Release|Any CPU
		{49AD7F12-D21C-410D-9B53-B88CF4026CAF}.Debug|Any CPU.ActiveCfg = Debug|Any CPU
		{49AD7F12-D21C-410D-9B53-B88CF4026CAF}.Debug|Any CPU.Build.0 = Debug|Any CPU
		{49AD7F12-D21C-410D-9B53-B88CF4026CAF}.Release|Any CPU.ActiveCfg = Release|Any CPU
		{49AD7F12-D21C-410D-9B53-B88CF4026CAF}.Release|Any CPU.Build.0 = Release|Any CPU
		{1347AC38-B408-435A-8EEC-7F902D391D9B}.Debug|Any CPU.ActiveCfg = Debug|Any CPU
		{1347AC38-B408-435A-8EEC-7F902D391D9B}.Debug|Any CPU.Build.0 = Debug|Any CPU
		{1347AC38-B408-435A-8EEC-7F902D391D9B}.Release|Any CPU.ActiveCfg = Release|Any CPU
		{1347AC38-B408-435A-8EEC-7F902D391D9B}.Release|Any CPU.Build.0 = Release|Any CPU
		{5F56CC64-BDE5-4776-BE54-525650FE699F}.Debug|Any CPU.ActiveCfg = Debug|Any CPU
		{5F56CC64-BDE5-4776-BE54-525650FE699F}.Debug|Any CPU.Build.0 = Debug|Any CPU
		{5F56CC64-BDE5-4776-BE54-525650FE699F}.Release|Any CPU.ActiveCfg = Release|Any CPU
		{5F56CC64-BDE5-4776-BE54-525650FE699F}.Release|Any CPU.Build.0 = Release|Any CPU
		{8C577FA2-C9A8-48D5-9AF6-9A0B7437001C}.Debug|Any CPU.ActiveCfg = Debug|Any CPU
		{8C577FA2-C9A8-48D5-9AF6-9A0B7437001C}.Debug|Any CPU.Build.0 = Debug|Any CPU
		{8C577FA2-C9A8-48D5-9AF6-9A0B7437001C}.Release|Any CPU.ActiveCfg = Release|Any CPU
		{8C577FA2-C9A8-48D5-9AF6-9A0B7437001C}.Release|Any CPU.Build.0 = Release|Any CPU
	EndGlobalSection
	GlobalSection(SolutionProperties) = preSolution
		HideSolutionNode = FALSE
	EndGlobalSection
EndGlobal
