
Microsoft Visual Studio Solution File, Format Version 12.00
# Visual Studio 14
VisualStudioVersion = 14.0.25123.0
MinimumVisualStudioVersion = 10.0.40219.1
Project("{FAE04EC0-301F-11D3-BF4B-00C04F79EFBC}") = "DegerDondurmeyenParametresizMethod", "DegerDondurmeyenParametresizMethod\DegerDondurmeyenParametresizMethod.csproj", "{B3993CD7-B06E-416A-81AE-CE61823D6EDB}"
EndProject
Project("{FAE04EC0-301F-11D3-BF4B-00C04F79EFBC}") = "DegerDondurenMetodlar", "DegerDondurenMetodlar\DegerDondurenMetodlar.csproj", "{6F14305B-3F9E-40E2-B21A-583B0932CD20}"
EndProject
Global
	GlobalSection(SolutionConfigurationPlatforms) = preSolution
		Debug|Any CPU = Debug|Any CPU
		Release|Any CPU = Release|Any CPU
	EndGlobalSection
	GlobalSection(ProjectConfigurationPlatforms) = postSolution
		{B3993CD7-B06E-416A-81AE-CE61823D6EDB}.Debug|Any CPU.ActiveCfg = Debug|Any CPU
		{B3993CD7-B06E-416A-81AE-CE61823D6EDB}.Debug|Any CPU.Build.0 = Debug|Any CPU
		{B3993CD7-B06E-416A-81AE-CE61823D6EDB}.Release|Any CPU.ActiveCfg = Release|Any CPU
		{B3993CD7-B06E-416A-81AE-CE61823D6EDB}.Release|Any CPU.Build.0 = Release|Any CPU
		{6F14305B-3F9E-40E2-B21A-583B0932CD20}.Debug|Any CPU.ActiveCfg = Debug|Any CPU
		{6F14305B-3F9E-40E2-B21A-583B0932CD20}.Debug|Any CPU.Build.0 = Debug|Any CPU
		{6F14305B-3F9E-40E2-B21A-583B0932CD20}.Release|Any CPU.ActiveCfg = Release|Any CPU
		{6F14305B-3F9E-40E2-B21A-583B0932CD20}.Release|Any CPU.Build.0 = Release|Any CPU
	EndGlobalSection
	GlobalSection(SolutionProperties) = preSolution
		HideSolutionNode = FALSE
	EndGlobalSection
EndGlobal
